
Microsoft Visual Studio Solution File, Format Version 12.00
Project("{FAE04EC0-301F-11D3-BF4B-00C04F79EFBC}") = "NovaVoice", "NovaVoice.csproj", "{8B625979-3AC2-4540-BF2B-07CBA1E1ED58}"
EndProject
Global
	GlobalSection(SolutionConfigurationPlatforms) = preSolution
		Debug|Any CPU = Debug|Any CPU
		Release|Any CPU = Release|Any CPU
	EndGlobalSection
	GlobalSection(ProjectConfigurationPlatforms) = postSolution
		{8B625979-3AC2-4540-BF2B-07CBA1E1ED58}.Debug|Any CPU.ActiveCfg = Debug|Any CPU
		{8B625979-3AC2-4540-BF2B-07CBA1E1ED58}.Debug|Any CPU.Build.0 = Debug|Any CPU
		{8B625979-3AC2-4540-BF2B-07CBA1E1ED58}.Release|Any CPU.ActiveCfg = Release|Any CPU
		{8B625979-3AC2-4540-BF2B-07CBA1E1ED58}.Release|Any CPU.Build.0 = Release|Any CPU
	EndGlobalSection
EndGlobal
